<?xml version="1.0" encoding="utf-8"?>
<Project ToolsVersion="4.0" xmlns="http://schemas.microsoft.com/developer/msbuild/2003">
  <ItemGroup>
    <ClCompile Include="Font.cpp" />
    <ClCompile Include="Game.cpp" />
    <ClCompile Include="GameCharacter.cpp" />
    <ClCompile Include="GameMap.cpp" />
    <ClCompile Include="Ghost.cpp" />
    <ClCompile Include="main.cpp" />
    <ClCompile Include="Pacman.cpp" />
    <ClCompile Include="FileSystem.cpp" />
    <ClCompile Include="SmartGhost.cpp" />
    <ClCompile Include="Texture.cpp" />
  </ItemGroup>
  <ItemGroup>
    <ClInclude Include="Font.h" />
    <ClInclude Include="Game.h" />
    <ClInclude Include="GameCharacter.h" />
    <ClInclude Include="GameMap.h" />
    <ClInclude Include="GameObject.h" />
    <ClInclude Include="Ghost.h" />
    <ClInclude Include="Pacman.h" />
    <ClInclude Include="FileSystem.h" />
    <ClInclude Include="SmartGhost.h" />
    <ClInclude Include="Texture.h" />
  </ItemGroup>
</Project>